// !$*UTF8*$!
{
	archiveVersion = 1;
	classes = {
	};
	objectVersion = 56;
	objects = {

/* Begin PBXBuildFile section */
		FA0C10652A97FE6B009C8A81 /* GFError.swift in Sources */ = {isa = PBXBuildFile; fileRef = FA0C10642A97FE6B009C8A81 /* GFError.swift */; };
		FA0C10672A98024F009C8A81 /* GFUserInfoHeaderVC.swift in Sources */ = {isa = PBXBuildFile; fileRef = FA0C10662A98024F009C8A81 /* GFUserInfoHeaderVC.swift */; };
		FA0C10692A9802DF009C8A81 /* GFSecondaryTitleLabel.swift in Sources */ = {isa = PBXBuildFile; fileRef = FA0C10682A9802DF009C8A81 /* GFSecondaryTitleLabel.swift */; };
		FA0C106B2A981C90009C8A81 /* Constants.swift in Sources */ = {isa = PBXBuildFile; fileRef = FA0C106A2A981C90009C8A81 /* Constants.swift */; };
		FA1E64F22A66BC39009D28A2 /* AppDelegate.swift in Sources */ = {isa = PBXBuildFile; fileRef = FA1E64F12A66BC39009D28A2 /* AppDelegate.swift */; };
		FA1E64F42A66BC39009D28A2 /* SceneDelegate.swift in Sources */ = {isa = PBXBuildFile; fileRef = FA1E64F32A66BC39009D28A2 /* SceneDelegate.swift */; };
		FA1E64F62A66BC39009D28A2 /* ViewController.swift in Sources */ = {isa = PBXBuildFile; fileRef = FA1E64F52A66BC39009D28A2 /* ViewController.swift */; };
		FA1E64FB2A66BC3C009D28A2 /* Assets.xcassets in Resources */ = {isa = PBXBuildFile; fileRef = FA1E64FA2A66BC3C009D28A2 /* Assets.xcassets */; };
		FA1E64FE2A66BC3C009D28A2 /* LaunchScreen.storyboard in Resources */ = {isa = PBXBuildFile; fileRef = FA1E64FC2A66BC3C009D28A2 /* LaunchScreen.storyboard */; };
		FA1E65062A66D46F009D28A2 /* SearchVC.swift in Sources */ = {isa = PBXBuildFile; fileRef = FA1E65052A66D46F009D28A2 /* SearchVC.swift */; };
		FA1E65082A66D4AC009D28A2 /* FavoritesListVC.swift in Sources */ = {isa = PBXBuildFile; fileRef = FA1E65072A66D4AC009D28A2 /* FavoritesListVC.swift */; };
		FA1E650A2A66DCB8009D28A2 /* GFButton.swift in Sources */ = {isa = PBXBuildFile; fileRef = FA1E65092A66DCB8009D28A2 /* GFButton.swift */; };
		FA1E650C2A66E075009D28A2 /* GFTextField.swift in Sources */ = {isa = PBXBuildFile; fileRef = FA1E650B2A66E075009D28A2 /* GFTextField.swift */; };
		FA29686E2A9A0F9000F46945 /* GFItemInfoView.swift in Sources */ = {isa = PBXBuildFile; fileRef = FA29686D2A9A0F9000F46945 /* GFItemInfoView.swift */; };
		FA2968702A9A1F0A00F46945 /* GFItemInfoVC.swift in Sources */ = {isa = PBXBuildFile; fileRef = FA29686F2A9A1F0A00F46945 /* GFItemInfoVC.swift */; };
		FA2968722A9A3F1C00F46945 /* GFRepoItemVC.swift in Sources */ = {isa = PBXBuildFile; fileRef = FA2968712A9A3F1C00F46945 /* GFRepoItemVC.swift */; };
		FA2968742A9A412D00F46945 /* GFFollowerItemVC.swift in Sources */ = {isa = PBXBuildFile; fileRef = FA2968732A9A412D00F46945 /* GFFollowerItemVC.swift */; };
		FA2968772A9A594C00F46945 /* Date+Ext.swift in Sources */ = {isa = PBXBuildFile; fileRef = FA2968762A9A594C00F46945 /* Date+Ext.swift */; };
		FA2BBA352A9FC27F0042850E /* PersistenceManager.swift in Sources */ = {isa = PBXBuildFile; fileRef = FA2BBA342A9FC27F0042850E /* PersistenceManager.swift */; };
		FA2D90722A90F965002A54A5 /* UserInfoVC.swift in Sources */ = {isa = PBXBuildFile; fileRef = FA2D90712A90F965002A54A5 /* UserInfoVC.swift */; };
		FA2F83F92A7FA21400889846 /* Follower.swift in Sources */ = {isa = PBXBuildFile; fileRef = FA2F83F82A7FA21400889846 /* Follower.swift */; };
		FA2F83FB2A7FA36500889846 /* User.swift in Sources */ = {isa = PBXBuildFile; fileRef = FA2F83FA2A7FA36500889846 /* User.swift */; };
		FA2F83FE2A7FB22F00889846 /* NetworkManager.swift in Sources */ = {isa = PBXBuildFile; fileRef = FA2F83FD2A7FB22F00889846 /* NetworkManager.swift */; };
		FA5C97942AA2751600DEFAFF /* FavoriteCell.swift in Sources */ = {isa = PBXBuildFile; fileRef = FA5C97932AA2751600DEFAFF /* FavoriteCell.swift */; };
		FA5C97972AA3753700DEFAFF /* GFTabBarController.swift in Sources */ = {isa = PBXBuildFile; fileRef = FA5C97962AA3753700DEFAFF /* GFTabBarController.swift */; };
		FA5C97992AA37D5700DEFAFF /* GFAlertContainerView.swift in Sources */ = {isa = PBXBuildFile; fileRef = FA5C97982AA37D5700DEFAFF /* GFAlertContainerView.swift */; };
		FA5C979B2AA3C8A500DEFAFF /* GFDataLoadingVC.swift in Sources */ = {isa = PBXBuildFile; fileRef = FA5C979A2AA3C8A500DEFAFF /* GFDataLoadingVC.swift */; };
		FA65F8382A6C26B00033F78C /* FollowerListVC.swift in Sources */ = {isa = PBXBuildFile; fileRef = FA65F8372A6C26B00033F78C /* FollowerListVC.swift */; };
		FA65F83A2A6D49B30033F78C /* GFTitleLabel.swift in Sources */ = {isa = PBXBuildFile; fileRef = FA65F8392A6D49B30033F78C /* GFTitleLabel.swift */; };
		FA65F83C2A6D4B360033F78C /* GFBodyLabel.swift in Sources */ = {isa = PBXBuildFile; fileRef = FA65F83B2A6D4B360033F78C /* GFBodyLabel.swift */; };
		FA65F83E2A6D4DC60033F78C /* GFAlertVC.swift in Sources */ = {isa = PBXBuildFile; fileRef = FA65F83D2A6D4DC60033F78C /* GFAlertVC.swift */; };
		FA65F8402A6D53F10033F78C /* UIViewController+Ext.swift in Sources */ = {isa = PBXBuildFile; fileRef = FA65F83F2A6D53F10033F78C /* UIViewController+Ext.swift */; };
		FAC4E2D32A8CB744006D9AED /* GFEmptyStateView.swift in Sources */ = {isa = PBXBuildFile; fileRef = FAC4E2D22A8CB744006D9AED /* GFEmptyStateView.swift */; };
		FACCFC542A87A0470080A175 /* FollowerCell.swift in Sources */ = {isa = PBXBuildFile; fileRef = FACCFC532A87A0470080A175 /* FollowerCell.swift */; };
		FACCFC562A87A0C60080A175 /* GFAvatarImageView.swift in Sources */ = {isa = PBXBuildFile; fileRef = FACCFC552A87A0C60080A175 /* GFAvatarImageView.swift */; };
		FACCFC582A898CEB0080A175 /* UIHelper.swift in Sources */ = {isa = PBXBuildFile; fileRef = FACCFC572A898CEB0080A175 /* UIHelper.swift */; };
/* End PBXBuildFile section */

/* Begin PBXFileReference section */
		FA0C10642A97FE6B009C8A81 /* GFError.swift */ = {isa = PBXFileReference; lastKnownFileType = sourcecode.swift; path = GFError.swift; sourceTree = "<group>"; };
		FA0C10662A98024F009C8A81 /* GFUserInfoHeaderVC.swift */ = {isa = PBXFileReference; lastKnownFileType = sourcecode.swift; path = GFUserInfoHeaderVC.swift; sourceTree = "<group>"; };
		FA0C10682A9802DF009C8A81 /* GFSecondaryTitleLabel.swift */ = {isa = PBXFileReference; lastKnownFileType = sourcecode.swift; path = GFSecondaryTitleLabel.swift; sourceTree = "<group>"; };
		FA0C106A2A981C90009C8A81 /* Constants.swift */ = {isa = PBXFileReference; lastKnownFileType = sourcecode.swift; path = Constants.swift; sourceTree = "<group>"; };
		FA1E64EE2A66BC39009D28A2 /* githubFollowers.app */ = {isa = PBXFileReference; explicitFileType = wrapper.application; includeInIndex = 0; path = githubFollowers.app; sourceTree = BUILT_PRODUCTS_DIR; };
		FA1E64F12A66BC39009D28A2 /* AppDelegate.swift */ = {isa = PBXFileReference; lastKnownFileType = sourcecode.swift; path = AppDelegate.swift; sourceTree = "<group>"; };
		FA1E64F32A66BC39009D28A2 /* SceneDelegate.swift */ = {isa = PBXFileReference; lastKnownFileType = sourcecode.swift; path = SceneDelegate.swift; sourceTree = "<group>"; };
		FA1E64F52A66BC39009D28A2 /* ViewController.swift */ = {isa = PBXFileReference; lastKnownFileType = sourcecode.swift; path = ViewController.swift; sourceTree = "<group>"; };
		FA1E64FA2A66BC3C009D28A2 /* Assets.xcassets */ = {isa = PBXFileReference; lastKnownFileType = folder.assetcatalog; path = Assets.xcassets; sourceTree = "<group>"; };
		FA1E64FD2A66BC3C009D28A2 /* Base */ = {isa = PBXFileReference; lastKnownFileType = file.storyboard; name = Base; path = Base.lproj/LaunchScreen.storyboard; sourceTree = "<group>"; };
		FA1E64FF2A66BC3C009D28A2 /* Info.plist */ = {isa = PBXFileReference; lastKnownFileType = text.plist.xml; path = Info.plist; sourceTree = "<group>"; };
		FA1E65052A66D46F009D28A2 /* SearchVC.swift */ = {isa = PBXFileReference; lastKnownFileType = sourcecode.swift; path = SearchVC.swift; sourceTree = "<group>"; };
		FA1E65072A66D4AC009D28A2 /* FavoritesListVC.swift */ = {isa = PBXFileReference; lastKnownFileType = sourcecode.swift; path = FavoritesListVC.swift; sourceTree = "<group>"; };
		FA1E65092A66DCB8009D28A2 /* GFButton.swift */ = {isa = PBXFileReference; lastKnownFileType = sourcecode.swift; path = GFButton.swift; sourceTree = "<group>"; };
		FA1E650B2A66E075009D28A2 /* GFTextField.swift */ = {isa = PBXFileReference; lastKnownFileType = sourcecode.swift; path = GFTextField.swift; sourceTree = "<group>"; };
		FA29686D2A9A0F9000F46945 /* GFItemInfoView.swift */ = {isa = PBXFileReference; lastKnownFileType = sourcecode.swift; path = GFItemInfoView.swift; sourceTree = "<group>"; };
		FA29686F2A9A1F0A00F46945 /* GFItemInfoVC.swift */ = {isa = PBXFileReference; lastKnownFileType = sourcecode.swift; path = GFItemInfoVC.swift; sourceTree = "<group>"; };
		FA2968712A9A3F1C00F46945 /* GFRepoItemVC.swift */ = {isa = PBXFileReference; lastKnownFileType = sourcecode.swift; path = GFRepoItemVC.swift; sourceTree = "<group>"; };
		FA2968732A9A412D00F46945 /* GFFollowerItemVC.swift */ = {isa = PBXFileReference; lastKnownFileType = sourcecode.swift; path = GFFollowerItemVC.swift; sourceTree = "<group>"; };
		FA2968762A9A594C00F46945 /* Date+Ext.swift */ = {isa = PBXFileReference; lastKnownFileType = sourcecode.swift; path = "Date+Ext.swift"; sourceTree = "<group>"; };
		FA2BBA342A9FC27F0042850E /* PersistenceManager.swift */ = {isa = PBXFileReference; lastKnownFileType = sourcecode.swift; path = PersistenceManager.swift; sourceTree = "<group>"; };
		FA2D90712A90F965002A54A5 /* UserInfoVC.swift */ = {isa = PBXFileReference; lastKnownFileType = sourcecode.swift; path = UserInfoVC.swift; sourceTree = "<group>"; };
		FA2F83F82A7FA21400889846 /* Follower.swift */ = {isa = PBXFileReference; lastKnownFileType = sourcecode.swift; path = Follower.swift; sourceTree = "<group>"; };
		FA2F83FA2A7FA36500889846 /* User.swift */ = {isa = PBXFileReference; lastKnownFileType = sourcecode.swift; path = User.swift; sourceTree = "<group>"; };
		FA2F83FD2A7FB22F00889846 /* NetworkManager.swift */ = {isa = PBXFileReference; lastKnownFileType = sourcecode.swift; path = NetworkManager.swift; sourceTree = "<group>"; };
		FA5C97932AA2751600DEFAFF /* FavoriteCell.swift */ = {isa = PBXFileReference; lastKnownFileType = sourcecode.swift; path = FavoriteCell.swift; sourceTree = "<group>"; };
		FA5C97962AA3753700DEFAFF /* GFTabBarController.swift */ = {isa = PBXFileReference; lastKnownFileType = sourcecode.swift; path = GFTabBarController.swift; sourceTree = "<group>"; };
		FA5C97982AA37D5700DEFAFF /* GFAlertContainerView.swift */ = {isa = PBXFileReference; lastKnownFileType = sourcecode.swift; path = GFAlertContainerView.swift; sourceTree = "<group>"; };
		FA5C979A2AA3C8A500DEFAFF /* GFDataLoadingVC.swift */ = {isa = PBXFileReference; lastKnownFileType = sourcecode.swift; path = GFDataLoadingVC.swift; sourceTree = "<group>"; };
		FA65F8372A6C26B00033F78C /* FollowerListVC.swift */ = {isa = PBXFileReference; lastKnownFileType = sourcecode.swift; path = FollowerListVC.swift; sourceTree = "<group>"; };
		FA65F8392A6D49B30033F78C /* GFTitleLabel.swift */ = {isa = PBXFileReference; lastKnownFileType = sourcecode.swift; path = GFTitleLabel.swift; sourceTree = "<group>"; };
		FA65F83B2A6D4B360033F78C /* GFBodyLabel.swift */ = {isa = PBXFileReference; lastKnownFileType = sourcecode.swift; path = GFBodyLabel.swift; sourceTree = "<group>"; };
		FA65F83D2A6D4DC60033F78C /* GFAlertVC.swift */ = {isa = PBXFileReference; lastKnownFileType = sourcecode.swift; path = GFAlertVC.swift; sourceTree = "<group>"; };
		FA65F83F2A6D53F10033F78C /* UIViewController+Ext.swift */ = {isa = PBXFileReference; lastKnownFileType = sourcecode.swift; path = "UIViewController+Ext.swift"; sourceTree = "<group>"; };
		FAC4E2D22A8CB744006D9AED /* GFEmptyStateView.swift */ = {isa = PBXFileReference; lastKnownFileType = sourcecode.swift; path = GFEmptyStateView.swift; sourceTree = "<group>"; };
		FACCFC532A87A0470080A175 /* FollowerCell.swift */ = {isa = PBXFileReference; lastKnownFileType = sourcecode.swift; path = FollowerCell.swift; sourceTree = "<group>"; };
		FACCFC552A87A0C60080A175 /* GFAvatarImageView.swift */ = {isa = PBXFileReference; lastKnownFileType = sourcecode.swift; path = GFAvatarImageView.swift; sourceTree = "<group>"; };
		FACCFC572A898CEB0080A175 /* UIHelper.swift */ = {isa = PBXFileReference; lastKnownFileType = sourcecode.swift; path = UIHelper.swift; sourceTree = "<group>"; };
/* End PBXFileReference section */

/* Begin PBXFrameworksBuildPhase section */
		FA1E64EB2A66BC39009D28A2 /* Frameworks */ = {
			isa = PBXFrameworksBuildPhase;
			buildActionMask = 2147483647;
			files = (
			);
			runOnlyForDeploymentPostprocessing = 0;
		};
/* End PBXFrameworksBuildPhase section */

/* Begin PBXGroup section */
		FA1E64E52A66BC39009D28A2 = {
			isa = PBXGroup;
			children = (
				FA1E64F02A66BC39009D28A2 /* githubFollowers */,
				FA1E64EF2A66BC39009D28A2 /* Products */,
			);
			sourceTree = "<group>";
		};
		FA1E64EF2A66BC39009D28A2 /* Products */ = {
			isa = PBXGroup;
			children = (
				FA1E64EE2A66BC39009D28A2 /* githubFollowers.app */,
			);
			name = Products;
			sourceTree = "<group>";
		};
		FA1E64F02A66BC39009D28A2 /* githubFollowers */ = {
			isa = PBXGroup;
			children = (
				FA2F83FF2A7FEAF000889846 /* Utilities */,
				FA2F83FC2A7FB21500889846 /* Managers */,
				FA2F83F72A7FA1F700889846 /* Model */,
				FA65F8442A6DB9F80033F78C /* Support */,
				FA65F8432A6DB9910033F78C /* Extensions */,
				FA65F8412A6DB8D10033F78C /* Screens */,
				FA65F8422A6DB9660033F78C /* CustomViews */,
				FA1E64FF2A66BC3C009D28A2 /* Info.plist */,
			);
			path = githubFollowers;
			sourceTree = "<group>";
		};
		FA2968752A9A418500F46945 /* ItemInfoVC */ = {
			isa = PBXGroup;
			children = (
				FA29686F2A9A1F0A00F46945 /* GFItemInfoVC.swift */,
				FA2968712A9A3F1C00F46945 /* GFRepoItemVC.swift */,
				FA2968732A9A412D00F46945 /* GFFollowerItemVC.swift */,
			);
			path = ItemInfoVC;
			sourceTree = "<group>";
		};
		FA2F83F72A7FA1F700889846 /* Model */ = {
			isa = PBXGroup;
			children = (
				FA2F83F82A7FA21400889846 /* Follower.swift */,
				FA2F83FA2A7FA36500889846 /* User.swift */,
			);
			path = Model;
			sourceTree = "<group>";
		};
		FA2F83FC2A7FB21500889846 /* Managers */ = {
			isa = PBXGroup;
			children = (
				FA2F83FD2A7FB22F00889846 /* NetworkManager.swift */,
				FA2BBA342A9FC27F0042850E /* PersistenceManager.swift */,
			);
			path = Managers;
			sourceTree = "<group>";
		};
		FA2F83FF2A7FEAF000889846 /* Utilities */ = {
			isa = PBXGroup;
			children = (
				FACCFC572A898CEB0080A175 /* UIHelper.swift */,
				FA0C10642A97FE6B009C8A81 /* GFError.swift */,
				FA0C106A2A981C90009C8A81 /* Constants.swift */,
			);
			path = Utilities;
			sourceTree = "<group>";
		};
		FA5C97952AA3751300DEFAFF /* TabBarControllers */ = {
			isa = PBXGroup;
			children = (
				FA5C97962AA3753700DEFAFF /* GFTabBarController.swift */,
			);
			path = TabBarControllers;
			sourceTree = "<group>";
		};
		FA65F8412A6DB8D10033F78C /* Screens */ = {
			isa = PBXGroup;
			children = (
				FA1E65052A66D46F009D28A2 /* SearchVC.swift */,
				FA65F8372A6C26B00033F78C /* FollowerListVC.swift */,
				FA1E65072A66D4AC009D28A2 /* FavoritesListVC.swift */,
				FA2D90712A90F965002A54A5 /* UserInfoVC.swift */,
			);
			path = Screens;
			sourceTree = "<group>";
		};
		FA65F8422A6DB9660033F78C /* CustomViews */ = {
			isa = PBXGroup;
			children = (
				FA5C97952AA3751300DEFAFF /* TabBarControllers */,
				FAC4E2D12A8CB6DB006D9AED /* Labels */,
				FAC4E2D02A8CB6B8006D9AED /* ViewControllers */,
				FAC4E2CF2A8CB6A8006D9AED /* ImageViews */,
				FAC4E2CE2A8CB69B006D9AED /* TextFields */,
				FAC4E2CD2A8CB68B006D9AED /* Buttons */,
				FAC4E2CC2A8CB669006D9AED /* Views */,
				FACCFC522A87A0170080A175 /* Cells */,
			);
			path = CustomViews;
			sourceTree = "<group>";
		};
		FA65F8432A6DB9910033F78C /* Extensions */ = {
			isa = PBXGroup;
			children = (
				FA65F83F2A6D53F10033F78C /* UIViewController+Ext.swift */,
				FA2968762A9A594C00F46945 /* Date+Ext.swift */,
			);
			path = Extensions;
			sourceTree = "<group>";
		};
		FA65F8442A6DB9F80033F78C /* Support */ = {
			isa = PBXGroup;
			children = (
				FA1E64F12A66BC39009D28A2 /* AppDelegate.swift */,
				FA1E64F32A66BC39009D28A2 /* SceneDelegate.swift */,
				FA1E64F52A66BC39009D28A2 /* ViewController.swift */,
				FA1E64FA2A66BC3C009D28A2 /* Assets.xcassets */,
				FA1E64FC2A66BC3C009D28A2 /* LaunchScreen.storyboard */,
			);
			path = Support;
			sourceTree = "<group>";
		};
		FAC4E2CC2A8CB669006D9AED /* Views */ = {
			isa = PBXGroup;
			children = (
				FAC4E2D22A8CB744006D9AED /* GFEmptyStateView.swift */,
				FA29686D2A9A0F9000F46945 /* GFItemInfoView.swift */,
				FA5C97982AA37D5700DEFAFF /* GFAlertContainerView.swift */,
			);
			path = Views;
			sourceTree = "<group>";
		};
		FAC4E2CD2A8CB68B006D9AED /* Buttons */ = {
			isa = PBXGroup;
			children = (
				FA1E65092A66DCB8009D28A2 /* GFButton.swift */,
			);
			path = Buttons;
			sourceTree = "<group>";
		};
		FAC4E2CE2A8CB69B006D9AED /* TextFields */ = {
			isa = PBXGroup;
			children = (
				FA1E650B2A66E075009D28A2 /* GFTextField.swift */,
			);
			path = TextFields;
			sourceTree = "<group>";
		};
		FAC4E2CF2A8CB6A8006D9AED /* ImageViews */ = {
			isa = PBXGroup;
			children = (
				FACCFC552A87A0C60080A175 /* GFAvatarImageView.swift */,
			);
			path = ImageViews;
			sourceTree = "<group>";
		};
		FAC4E2D02A8CB6B8006D9AED /* ViewControllers */ = {
			isa = PBXGroup;
			children = (
				FA2968752A9A418500F46945 /* ItemInfoVC */,
				FA65F83D2A6D4DC60033F78C /* GFAlertVC.swift */,
				FA0C10662A98024F009C8A81 /* GFUserInfoHeaderVC.swift */,
				FA5C979A2AA3C8A500DEFAFF /* GFDataLoadingVC.swift */,
			);
			path = ViewControllers;
			sourceTree = "<group>";
		};
		FAC4E2D12A8CB6DB006D9AED /* Labels */ = {
			isa = PBXGroup;
			children = (
				FA65F8392A6D49B30033F78C /* GFTitleLabel.swift */,
				FA65F83B2A6D4B360033F78C /* GFBodyLabel.swift */,
				FA0C10682A9802DF009C8A81 /* GFSecondaryTitleLabel.swift */,
			);
			path = Labels;
			sourceTree = "<group>";
		};
		FACCFC522A87A0170080A175 /* Cells */ = {
			isa = PBXGroup;
			children = (
				FACCFC532A87A0470080A175 /* FollowerCell.swift */,
				FA5C97932AA2751600DEFAFF /* FavoriteCell.swift */,
			);
			path = Cells;
			sourceTree = "<group>";
		};
/* End PBXGroup section */

/* Begin PBXNativeTarget section */
		FA1E64ED2A66BC39009D28A2 /* githubFollowers */ = {
			isa = PBXNativeTarget;
			buildConfigurationList = FA1E65022A66BC3C009D28A2 /* Build configuration list for PBXNativeTarget "githubFollowers" */;
			buildPhases = (
				FA1E64EA2A66BC39009D28A2 /* Sources */,
				FA1E64EB2A66BC39009D28A2 /* Frameworks */,
				FA1E64EC2A66BC39009D28A2 /* Resources */,
			);
			buildRules = (
			);
			dependencies = (
			);
			name = githubFollowers;
			productName = githubFollowers;
			productReference = FA1E64EE2A66BC39009D28A2 /* githubFollowers.app */;
			productType = "com.apple.product-type.application";
		};
/* End PBXNativeTarget section */

/* Begin PBXProject section */
		FA1E64E62A66BC39009D28A2 /* Project object */ = {
			isa = PBXProject;
			attributes = {
				BuildIndependentTargetsInParallel = 1;
				LastSwiftUpdateCheck = 1420;
				LastUpgradeCheck = 1420;
				TargetAttributes = {
					FA1E64ED2A66BC39009D28A2 = {
						CreatedOnToolsVersion = 14.2;
					};
				};
			};
			buildConfigurationList = FA1E64E92A66BC39009D28A2 /* Build configuration list for PBXProject "githubFollowers" */;
			compatibilityVersion = "Xcode 14.0";
			developmentRegion = en;
			hasScannedForEncodings = 0;
			knownRegions = (
				en,
				Base,
			);
			mainGroup = FA1E64E52A66BC39009D28A2;
			productRefGroup = FA1E64EF2A66BC39009D28A2 /* Products */;
			projectDirPath = "";
			projectRoot = "";
			targets = (
				FA1E64ED2A66BC39009D28A2 /* githubFollowers */,
			);
		};
/* End PBXProject section */

/* Begin PBXResourcesBuildPhase section */
		FA1E64EC2A66BC39009D28A2 /* Resources */ = {
			isa = PBXResourcesBuildPhase;
			buildActionMask = 2147483647;
			files = (
				FA1E64FE2A66BC3C009D28A2 /* LaunchScreen.storyboard in Resources */,
				FA1E64FB2A66BC3C009D28A2 /* Assets.xcassets in Resources */,
			);
			runOnlyForDeploymentPostprocessing = 0;
		};
/* End PBXResourcesBuildPhase section */

/* Begin PBXSourcesBuildPhase section */
		FA1E64EA2A66BC39009D28A2 /* Sources */ = {
			isa = PBXSourcesBuildPhase;
			buildActionMask = 2147483647;
			files = (
				FA1E65062A66D46F009D28A2 /* SearchVC.swift in Sources */,
				FA1E64F62A66BC39009D28A2 /* ViewController.swift in Sources */,
				FA65F8402A6D53F10033F78C /* UIViewController+Ext.swift in Sources */,
				FA0C10672A98024F009C8A81 /* GFUserInfoHeaderVC.swift in Sources */,
				FA1E650A2A66DCB8009D28A2 /* GFButton.swift in Sources */,
				FA1E65082A66D4AC009D28A2 /* FavoritesListVC.swift in Sources */,
				FA5C979B2AA3C8A500DEFAFF /* GFDataLoadingVC.swift in Sources */,
				FAC4E2D32A8CB744006D9AED /* GFEmptyStateView.swift in Sources */,
				FA0C10692A9802DF009C8A81 /* GFSecondaryTitleLabel.swift in Sources */,
				FA1E64F22A66BC39009D28A2 /* AppDelegate.swift in Sources */,
				FA2F83FB2A7FA36500889846 /* User.swift in Sources */,
				FA0C10652A97FE6B009C8A81 /* GFError.swift in Sources */,
				FACCFC542A87A0470080A175 /* FollowerCell.swift in Sources */,
				FA2BBA352A9FC27F0042850E /* PersistenceManager.swift in Sources */,
				FA5C97942AA2751600DEFAFF /* FavoriteCell.swift in Sources */,
				FA2968722A9A3F1C00F46945 /* GFRepoItemVC.swift in Sources */,
				FACCFC562A87A0C60080A175 /* GFAvatarImageView.swift in Sources */,
				FA5C97992AA37D5700DEFAFF /* GFAlertContainerView.swift in Sources */,
				FA65F83E2A6D4DC60033F78C /* GFAlertVC.swift in Sources */,
				FA2D90722A90F965002A54A5 /* UserInfoVC.swift in Sources */,
				FA2F83F92A7FA21400889846 /* Follower.swift in Sources */,
				FA1E64F42A66BC39009D28A2 /* SceneDelegate.swift in Sources */,
				FA65F83A2A6D49B30033F78C /* GFTitleLabel.swift in Sources */,
				FA2968702A9A1F0A00F46945 /* GFItemInfoVC.swift in Sources */,
				FA2968742A9A412D00F46945 /* GFFollowerItemVC.swift in Sources */,
				FA65F8382A6C26B00033F78C /* FollowerListVC.swift in Sources */,
				FACCFC582A898CEB0080A175 /* UIHelper.swift in Sources */,
				FA2968772A9A594C00F46945 /* Date+Ext.swift in Sources */,
				FA2F83FE2A7FB22F00889846 /* NetworkManager.swift in Sources */,
				FA1E650C2A66E075009D28A2 /* GFTextField.swift in Sources */,
				FA29686E2A9A0F9000F46945 /* GFItemInfoView.swift in Sources */,
				FA65F83C2A6D4B360033F78C /* GFBodyLabel.swift in Sources */,
				FA0C106B2A981C90009C8A81 /* Constants.swift in Sources */,
				FA5C97972AA3753700DEFAFF /* GFTabBarController.swift in Sources */,
			);
			runOnlyForDeploymentPostprocessing = 0;
		};
/* End PBXSourcesBuildPhase section */

/* Begin PBXVariantGroup section */
		FA1E64FC2A66BC3C009D28A2 /* LaunchScreen.storyboard */ = {
			isa = PBXVariantGroup;
			children = (
				FA1E64FD2A66BC3C009D28A2 /* Base */,
			);
			name = LaunchScreen.storyboard;
			sourceTree = "<group>";
		};
/* End PBXVariantGroup section */

/* Begin XCBuildConfiguration section */
		FA1E65002A66BC3C009D28A2 /* Debug */ = {
			isa = XCBuildConfiguration;
			buildSettings = {
				ALWAYS_SEARCH_USER_PATHS = NO;
				CLANG_ANALYZER_NONNULL = YES;
				CLANG_ANALYZER_NUMBER_OBJECT_CONVERSION = YES_AGGRESSIVE;
				CLANG_CXX_LANGUAGE_STANDARD = "gnu++20";
				CLANG_ENABLE_MODULES = YES;
				CLANG_ENABLE_OBJC_ARC = YES;
				CLANG_ENABLE_OBJC_WEAK = YES;
				CLANG_WARN_BLOCK_CAPTURE_AUTORELEASING = YES;
				CLANG_WARN_BOOL_CONVERSION = YES;
				CLANG_WARN_COMMA = YES;
				CLANG_WARN_CONSTANT_CONVERSION = YES;
				CLANG_WARN_DEPRECATED_OBJC_IMPLEMENTATIONS = YES;
				CLANG_WARN_DIRECT_OBJC_ISA_USAGE = YES_ERROR;
				CLANG_WARN_DOCUMENTATION_COMMENTS = YES;
				CLANG_WARN_EMPTY_BODY = YES;
				CLANG_WARN_ENUM_CONVERSION = YES;
				CLANG_WARN_INFINITE_RECURSION = YES;
				CLANG_WARN_INT_CONVERSION = YES;
				CLANG_WARN_NON_LITERAL_NULL_CONVERSION = YES;
				CLANG_WARN_OBJC_IMPLICIT_RETAIN_SELF = YES;
				CLANG_WARN_OBJC_LITERAL_CONVERSION = YES;
				CLANG_WARN_OBJC_ROOT_CLASS = YES_ERROR;
				CLANG_WARN_QUOTED_INCLUDE_IN_FRAMEWORK_HEADER = YES;
				CLANG_WARN_RANGE_LOOP_ANALYSIS = YES;
				CLANG_WARN_STRICT_PROTOTYPES = YES;
				CLANG_WARN_SUSPICIOUS_MOVE = YES;
				CLANG_WARN_UNGUARDED_AVAILABILITY = YES_AGGRESSIVE;
				CLANG_WARN_UNREACHABLE_CODE = YES;
				CLANG_WARN__DUPLICATE_METHOD_MATCH = YES;
				COPY_PHASE_STRIP = NO;
				DEBUG_INFORMATION_FORMAT = dwarf;
				ENABLE_STRICT_OBJC_MSGSEND = YES;
				ENABLE_TESTABILITY = YES;
				GCC_C_LANGUAGE_STANDARD = gnu11;
				GCC_DYNAMIC_NO_PIC = NO;
				GCC_NO_COMMON_BLOCKS = YES;
				GCC_OPTIMIZATION_LEVEL = 0;
				GCC_PREPROCESSOR_DEFINITIONS = (
					"DEBUG=1",
					"$(inherited)",
				);
				GCC_WARN_64_TO_32_BIT_CONVERSION = YES;
				GCC_WARN_ABOUT_RETURN_TYPE = YES_ERROR;
				GCC_WARN_UNDECLARED_SELECTOR = YES;
				GCC_WARN_UNINITIALIZED_AUTOS = YES_AGGRESSIVE;
				GCC_WARN_UNUSED_FUNCTION = YES;
				GCC_WARN_UNUSED_VARIABLE = YES;
				IPHONEOS_DEPLOYMENT_TARGET = 16.2;
				MTL_ENABLE_DEBUG_INFO = INCLUDE_SOURCE;
				MTL_FAST_MATH = YES;
				ONLY_ACTIVE_ARCH = YES;
				SDKROOT = iphoneos;
				SWIFT_ACTIVE_COMPILATION_CONDITIONS = DEBUG;
				SWIFT_OPTIMIZATION_LEVEL = "-Onone";
			};
			name = Debug;
		};
		FA1E65012A66BC3C009D28A2 /* Release */ = {
			isa = XCBuildConfiguration;
			buildSettings = {
				ALWAYS_SEARCH_USER_PATHS = NO;
				CLANG_ANALYZER_NONNULL = YES;
				CLANG_ANALYZER_NUMBER_OBJECT_CONVERSION = YES_AGGRESSIVE;
				CLANG_CXX_LANGUAGE_STANDARD = "gnu++20";
				CLANG_ENABLE_MODULES = YES;
				CLANG_ENABLE_OBJC_ARC = YES;
				CLANG_ENABLE_OBJC_WEAK = YES;
				CLANG_WARN_BLOCK_CAPTURE_AUTORELEASING = YES;
				CLANG_WARN_BOOL_CONVERSION = YES;
				CLANG_WARN_COMMA = YES;
				CLANG_WARN_CONSTANT_CONVERSION = YES;
				CLANG_WARN_DEPRECATED_OBJC_IMPLEMENTATIONS = YES;
				CLANG_WARN_DIRECT_OBJC_ISA_USAGE = YES_ERROR;
				CLANG_WARN_DOCUMENTATION_COMMENTS = YES;
				CLANG_WARN_EMPTY_BODY = YES;
				CLANG_WARN_ENUM_CONVERSION = YES;
				CLANG_WARN_INFINITE_RECURSION = YES;
				CLANG_WARN_INT_CONVERSION = YES;
				CLANG_WARN_NON_LITERAL_NULL_CONVERSION = YES;
				CLANG_WARN_OBJC_IMPLICIT_RETAIN_SELF = YES;
				CLANG_WARN_OBJC_LITERAL_CONVERSION = YES;
				CLANG_WARN_OBJC_ROOT_CLASS = YES_ERROR;
				CLANG_WARN_QUOTED_INCLUDE_IN_FRAMEWORK_HEADER = YES;
				CLANG_WARN_RANGE_LOOP_ANALYSIS = YES;
				CLANG_WARN_STRICT_PROTOTYPES = YES;
				CLANG_WARN_SUSPICIOUS_MOVE = YES;
				CLANG_WARN_UNGUARDED_AVAILABILITY = YES_AGGRESSIVE;
				CLANG_WARN_UNREACHABLE_CODE = YES;
				CLANG_WARN__DUPLICATE_METHOD_MATCH = YES;
				COPY_PHASE_STRIP = NO;
				DEBUG_INFORMATION_FORMAT = "dwarf-with-dsym";
				ENABLE_NS_ASSERTIONS = NO;
				ENABLE_STRICT_OBJC_MSGSEND = YES;
				GCC_C_LANGUAGE_STANDARD = gnu11;
				GCC_NO_COMMON_BLOCKS = YES;
				GCC_WARN_64_TO_32_BIT_CONVERSION = YES;
				GCC_WARN_ABOUT_RETURN_TYPE = YES_ERROR;
				GCC_WARN_UNDECLARED_SELECTOR = YES;
				GCC_WARN_UNINITIALIZED_AUTOS = YES_AGGRESSIVE;
				GCC_WARN_UNUSED_FUNCTION = YES;
				GCC_WARN_UNUSED_VARIABLE = YES;
				IPHONEOS_DEPLOYMENT_TARGET = 16.2;
				MTL_ENABLE_DEBUG_INFO = NO;
				MTL_FAST_MATH = YES;
				SDKROOT = iphoneos;
				SWIFT_COMPILATION_MODE = wholemodule;
				SWIFT_OPTIMIZATION_LEVEL = "-O";
				VALIDATE_PRODUCT = YES;
			};
			name = Release;
		};
		FA1E65032A66BC3C009D28A2 /* Debug */ = {
			isa = XCBuildConfiguration;
			buildSettings = {
				ASSETCATALOG_COMPILER_APPICON_NAME = AppIcon;
				ASSETCATALOG_COMPILER_GLOBAL_ACCENT_COLOR_NAME = AccentColor;
				CODE_SIGN_STYLE = Automatic;
				CURRENT_PROJECT_VERSION = 1;
				DEVELOPMENT_TEAM = LW5X22QCW4;
				GENERATE_INFOPLIST_FILE = YES;
				INFOPLIST_FILE = githubFollowers/Info.plist;
				INFOPLIST_KEY_UIApplicationSupportsIndirectInputEvents = YES;
				INFOPLIST_KEY_UILaunchStoryboardName = LaunchScreen;
				INFOPLIST_KEY_UISupportedInterfaceOrientations = UIInterfaceOrientationPortrait;
				INFOPLIST_KEY_UISupportedInterfaceOrientations_iPad = "UIInterfaceOrientationLandscapeLeft UIInterfaceOrientationLandscapeRight UIInterfaceOrientationPortrait UIInterfaceOrientationPortraitUpsideDown";
				IPHONEOS_DEPLOYMENT_TARGET = 13.2;
				LD_RUNPATH_SEARCH_PATHS = (
					"$(inherited)",
					"@executable_path/Frameworks",
				);
				MARKETING_VERSION = 1.0;
				PRODUCT_BUNDLE_IDENTIFIER = Alexander.githubFollowers;
				PRODUCT_NAME = "$(TARGET_NAME)";
				SUPPORTED_PLATFORMS = "iphoneos iphonesimulator";
				SUPPORTS_MACCATALYST = NO;
				SUPPORTS_MAC_DESIGNED_FOR_IPHONE_IPAD = NO;
				SWIFT_EMIT_LOC_STRINGS = YES;
				SWIFT_VERSION = 5.0;
				TARGETED_DEVICE_FAMILY = 1;
			};
			name = Debug;
		};
		FA1E65042A66BC3C009D28A2 /* Release */ = {
			isa = XCBuildConfiguration;
			buildSettings = {
				ASSETCATALOG_COMPILER_APPICON_NAME = AppIcon;
				ASSETCATALOG_COMPILER_GLOBAL_ACCENT_COLOR_NAME = AccentColor;
				CODE_SIGN_STYLE = Automatic;
				CURRENT_PROJECT_VERSION = 1;
				DEVELOPMENT_TEAM = LW5X22QCW4;
				GENERATE_INFOPLIST_FILE = YES;
				INFOPLIST_FILE = githubFollowers/Info.plist;
				INFOPLIST_KEY_UIApplicationSupportsIndirectInputEvents = YES;
				INFOPLIST_KEY_UILaunchStoryboardName = LaunchScreen;
				INFOPLIST_KEY_UISupportedInterfaceOrientations = UIInterfaceOrientationPortrait;
				INFOPLIST_KEY_UISupportedInterfaceOrientations_iPad = "UIInterfaceOrientationLandscapeLeft UIInterfaceOrientationLandscapeRight UIInterfaceOrientationPortrait UIInterfaceOrientationPortraitUpsideDown";
				IPHONEOS_DEPLOYMENT_TARGET = 13.2;
				LD_RUNPATH_SEARCH_PATHS = (
					"$(inherited)",
					"@executable_path/Frameworks",
				);
				MARKETING_VERSION = 1.0;
				PRODUCT_BUNDLE_IDENTIFIER = Alexander.githubFollowers;
				PRODUCT_NAME = "$(TARGET_NAME)";
				SUPPORTED_PLATFORMS = "iphoneos iphonesimulator";
				SUPPORTS_MACCATALYST = NO;
				SUPPORTS_MAC_DESIGNED_FOR_IPHONE_IPAD = NO;
				SWIFT_EMIT_LOC_STRINGS = YES;
				SWIFT_VERSION = 5.0;
				TARGETED_DEVICE_FAMILY = 1;
			};
			name = Release;
		};
/* End XCBuildConfiguration section */

/* Begin XCConfigurationList section */
		FA1E64E92A66BC39009D28A2 /* Build configuration list for PBXProject "githubFollowers" */ = {
			isa = XCConfigurationList;
			buildConfigurations = (
				FA1E65002A66BC3C009D28A2 /* Debug */,
				FA1E65012A66BC3C009D28A2 /* Release */,
			);
			defaultConfigurationIsVisible = 0;
			defaultConfigurationName = Release;
		};
		FA1E65022A66BC3C009D28A2 /* Build configuration list for PBXNativeTarget "githubFollowers" */ = {
			isa = XCConfigurationList;
			buildConfigurations = (
				FA1E65032A66BC3C009D28A2 /* Debug */,
				FA1E65042A66BC3C009D28A2 /* Release */,
			);
			defaultConfigurationIsVisible = 0;
			defaultConfigurationName = Release;
		};
/* End XCConfigurationList section */
	};
	rootObject = FA1E64E62A66BC39009D28A2 /* Project object */;
}
